
Microsoft Visual Studio Solution File, Format Version 12.00
# Visual Studio 15
Project("{FAE04EC0-301F-11D3-BF4B-00C04F79EFBC}") = "LibraNet", "LibraNet.csproj", "{8A51242E-5B17-44AE-9D34-B8AEE52F323B}"
EndProject
Global
	GlobalSection(SolutionConfigurationPlatforms) = preSolution
		Debug|Any CPU = Debug|Any CPU
		Release|Any CPU = Release|Any CPU
	EndGlobalSection
	GlobalSection(ProjectConfigurationPlatforms) = postSolution
		{8A51242E-5B17-44AE-9D34-B8AEE52F323B}.Debug|Any CPU.ActiveCfg = Debug|Any CPU
		{8A51242E-5B17-44AE-9D34-B8AEE52F323B}.Debug|Any CPU.Build.0 = Debug|Any CPU
		{8A51242E-5B17-44AE-9D34-B8AEE52F323B}.Release|Any CPU.ActiveCfg = Release|Any CPU
		{8A51242E-5B17-44AE-9D34-B8AEE52F323B}.Release|Any CPU.Build.0 = Release|Any CPU
	EndGlobalSection
EndGlobal
